
Microsoft Visual Studio Solution File, Format Version 12.00
# Visual Studio Version 17
VisualStudioVersion = 17.8.34322.80
MinimumVisualStudioVersion = 10.0.40219.1
Project("{FAE04EC0-301F-11D3-BF4B-00C04F79EFBC}") = "ElemenTable", "ElemenTable\ElemenTable.csproj", "{4E732EE3-4629-4674-8625-19A59B62D69E}"
EndProject
Project("{2150E333-8FDC-42A3-9474-1A3956D46DE8}") = "Solution Items", "Solution Items", "{D33B5F43-E6DB-4112-9C64-C50FB6188FBE}"
	ProjectSection(SolutionItems) = preProject
		Changelog.md = Changelog.md
		LICENSE.txt = LICENSE.txt
		Readme.txt = Readme.txt
	EndProjectSection
EndProject
Project("{9A19103F-16F7-4668-BE54-9A1E7A4F7556}") = "Periodica.Data", "..\periodic-table-data-master\Periodica.Data\Periodica.Data.csproj", "{06A16E09-64AE-4EA1-B683-B429D758D8C5}"
EndProject
Global
	GlobalSection(SolutionConfigurationPlatforms) = preSolution
		Debug|Any CPU = Debug|Any CPU
		Release|Any CPU = Release|Any CPU
	EndGlobalSection
	GlobalSection(ProjectConfigurationPlatforms) = postSolution
		{4E732EE3-4629-4674-8625-19A59B62D69E}.Debug|Any CPU.ActiveCfg = Debug|Any CPU
		{4E732EE3-4629-4674-8625-19A59B62D69E}.Debug|Any CPU.Build.0 = Debug|Any CPU
		{4E732EE3-4629-4674-8625-19A59B62D69E}.Release|Any CPU.ActiveCfg = Release|Any CPU
		{4E732EE3-4629-4674-8625-19A59B62D69E}.Release|Any CPU.Build.0 = Release|Any CPU
		{06A16E09-64AE-4EA1-B683-B429D758D8C5}.Debug|Any CPU.ActiveCfg = Debug|Any CPU
		{06A16E09-64AE-4EA1-B683-B429D758D8C5}.Debug|Any CPU.Build.0 = Debug|Any CPU
		{06A16E09-64AE-4EA1-B683-B429D758D8C5}.Release|Any CPU.ActiveCfg = Release|Any CPU
		{06A16E09-64AE-4EA1-B683-B429D758D8C5}.Release|Any CPU.Build.0 = Release|Any CPU
	EndGlobalSection
	GlobalSection(SolutionProperties) = preSolution
		HideSolutionNode = FALSE
	EndGlobalSection
	GlobalSection(ExtensibilityGlobals) = postSolution
		SolutionGuid = {6D678E9D-4F52-4D24-8BC4-F42633749609}
	EndGlobalSection
EndGlobal
